
Microsoft Visual Studio Solution File, Format Version 12.00
# Visual Studio Version 17
VisualStudioVersion = 17.0.32014.148
MinimumVisualStudioVersion = 10.0.40219.1
Project("{9A19103F-16F7-4668-BE54-9A1E7A4F7556}") = "ChatServer", "ChatServer\ChatServer.csproj", "{8851FDF4-0B88-45B3-8E1C-EF9239F812BF}"
EndProject
Project("{9A19103F-16F7-4668-BE54-9A1E7A4F7556}") = "ChatClient", "ChatClient\ChatClient.csproj", "{9DD256C2-B757-41B8-B5F1-4D1DD4744D6A}"
EndProject
Project("{FAE04EC0-301F-11D3-BF4B-00C04F79EFBC}") = "ChatApi", "ChatApi\ChatApi.csproj", "{84215098-CE1E-42F7-8839-D5F22D047FAD}"
EndProject
Global
	GlobalSection(SolutionConfigurationPlatforms) = preSolution
		Debug|Any CPU = Debug|Any CPU
		Release|Any CPU = Release|Any CPU
	EndGlobalSection
	GlobalSection(ProjectConfigurationPlatforms) = postSolution
		{8851FDF4-0B88-45B3-8E1C-EF9239F812BF}.Debug|Any CPU.ActiveCfg = Debug|Any CPU
		{8851FDF4-0B88-45B3-8E1C-EF9239F812BF}.Debug|Any CPU.Build.0 = Debug|Any CPU
		{8851FDF4-0B88-45B3-8E1C-EF9239F812BF}.Release|Any CPU.ActiveCfg = Release|Any CPU
		{8851FDF4-0B88-45B3-8E1C-EF9239F812BF}.Release|Any CPU.Build.0 = Release|Any CPU
		{9DD256C2-B757-41B8-B5F1-4D1DD4744D6A}.Debug|Any CPU.ActiveCfg = Debug|Any CPU
		{9DD256C2-B757-41B8-B5F1-4D1DD4744D6A}.Debug|Any CPU.Build.0 = Debug|Any CPU
		{9DD256C2-B757-41B8-B5F1-4D1DD4744D6A}.Release|Any CPU.ActiveCfg = Release|Any CPU
		{9DD256C2-B757-41B8-B5F1-4D1DD4744D6A}.Release|Any CPU.Build.0 = Release|Any CPU
		{84215098-CE1E-42F7-8839-D5F22D047FAD}.Debug|Any CPU.ActiveCfg = Debug|Any CPU
		{84215098-CE1E-42F7-8839-D5F22D047FAD}.Debug|Any CPU.Build.0 = Debug|Any CPU
		{84215098-CE1E-42F7-8839-D5F22D047FAD}.Release|Any CPU.ActiveCfg = Release|Any CPU
		{84215098-CE1E-42F7-8839-D5F22D047FAD}.Release|Any CPU.Build.0 = Release|Any CPU
	EndGlobalSection
	GlobalSection(SolutionProperties) = preSolution
		HideSolutionNode = FALSE
	EndGlobalSection
	GlobalSection(ExtensibilityGlobals) = postSolution
		SolutionGuid = {48629EB7-87B0-4F1E-8501-9F943EA121EA}
	EndGlobalSection
EndGlobal
